
Microsoft Visual Studio Solution File, Format Version 12.00
# Visual Studio 2012
Project("{FAE04EC0-301F-11D3-BF4B-00C04F79EFBC}") = "XamarinList", "XamarinList\XamarinList.csproj", "{1AC165AC-FFB9-4B6C-AF0B-D6679370894B}"
EndProject
Global
	GlobalSection(SolutionConfigurationPlatforms) = preSolution
		Debug|iPhoneSimulator = Debug|iPhoneSimulator
		Release|iPhone = Release|iPhone
		Release|iPhoneSimulator = Release|iPhoneSimulator
		Debug|iPhone = Debug|iPhone
	EndGlobalSection
	GlobalSection(ProjectConfigurationPlatforms) = postSolution
		{1AC165AC-FFB9-4B6C-AF0B-D6679370894B}.Debug|iPhone.ActiveCfg = Debug|iPhone
		{1AC165AC-FFB9-4B6C-AF0B-D6679370894B}.Debug|iPhone.Build.0 = Debug|iPhone
		{1AC165AC-FFB9-4B6C-AF0B-D6679370894B}.Debug|iPhoneSimulator.ActiveCfg = Debug|iPhoneSimulator
		{1AC165AC-FFB9-4B6C-AF0B-D6679370894B}.Debug|iPhoneSimulator.Build.0 = Debug|iPhoneSimulator
		{1AC165AC-FFB9-4B6C-AF0B-D6679370894B}.Release|iPhone.ActiveCfg = Release|iPhone
		{1AC165AC-FFB9-4B6C-AF0B-D6679370894B}.Release|iPhone.Build.0 = Release|iPhone
		{1AC165AC-FFB9-4B6C-AF0B-D6679370894B}.Release|iPhoneSimulator.ActiveCfg = Release|iPhoneSimulator
		{1AC165AC-FFB9-4B6C-AF0B-D6679370894B}.Release|iPhoneSimulator.Build.0 = Release|iPhoneSimulator
	EndGlobalSection
EndGlobal
