// !$*UTF8*$!
{
	archiveVersion = 1;
	classes = {
	};
	objectVersion = 46;
	objects = {

/* Begin PBXBuildFile section */
		CD478CC41B579F5B0072EC23 /* main.mm in Sources */ = {isa = PBXBuildFile; fileRef = CD478CC31B579F5B0072EC23 /* main.mm */; };
		CD71DF1A1B57A3FB0034FE72 /* libTestFixtures.a in Frameworks */ = {isa = PBXBuildFile; fileRef = CD71DF191B57A3FB0034FE72 /* libTestFixtures.a */; };
		CDA570481B5922A6009C7DEC /* UIKit.framework in Frameworks */ = {isa = PBXBuildFile; fileRef = CDA570471B5922A6009C7DEC /* UIKit.framework */; };
/* End PBXBuildFile section */

/* Begin PBXFileReference section */
		CD478CBF1B579F5B0072EC23 /* Native.app */ = {isa = PBXFileReference; explicitFileType = wrapper.application; includeInIndex = 0; path = Native.app; sourceTree = BUILT_PRODUCTS_DIR; };
		CD478CC31B579F5B0072EC23 /* main.mm */ = {isa = PBXFileReference; lastKnownFileType = sourcecode.cpp.objcpp; path = main.mm; sourceTree = "<group>"; };
		CD478CD31B579F5B0072EC23 /* Info.plist */ = {isa = PBXFileReference; lastKnownFileType = text.plist.xml; path = Info.plist; sourceTree = "<group>"; };
		CD71DF191B57A3FB0034FE72 /* libTestFixtures.a */ = {isa = PBXFileReference; lastKnownFileType = archive.ar; name = libTestFixtures.a; path = "../TestFixtures/build/Debug-iphoneos/libTestFixtures.a"; sourceTree = "<group>"; };
		CDA570471B5922A6009C7DEC /* UIKit.framework */ = {isa = PBXFileReference; lastKnownFileType = wrapper.framework; name = UIKit.framework; path = System/Library/Frameworks/UIKit.framework; sourceTree = SDKROOT; };
/* End PBXFileReference section */

/* Begin PBXFrameworksBuildPhase section */
		CD478CBC1B579F5B0072EC23 /* Frameworks */ = {
			isa = PBXFrameworksBuildPhase;
			buildActionMask = 2147483647;
			files = (
				CDA570481B5922A6009C7DEC /* UIKit.framework in Frameworks */,
				CD71DF1A1B57A3FB0034FE72 /* libTestFixtures.a in Frameworks */,
			);
			runOnlyForDeploymentPostprocessing = 0;
		};
/* End PBXFrameworksBuildPhase section */

/* Begin PBXGroup section */
		CD478CB61B579F5B0072EC23 = {
			isa = PBXGroup;
			children = (
				CDA570471B5922A6009C7DEC /* UIKit.framework */,
				CD71DF191B57A3FB0034FE72 /* libTestFixtures.a */,
				CD478CC11B579F5B0072EC23 /* Native */,
				CD478CC01B579F5B0072EC23 /* Products */,
			);
			sourceTree = "<group>";
		};
		CD478CC01B579F5B0072EC23 /* Products */ = {
			isa = PBXGroup;
			children = (
				CD478CBF1B579F5B0072EC23 /* Native.app */,
			);
			name = Products;
			sourceTree = "<group>";
		};
		CD478CC11B579F5B0072EC23 /* Native */ = {
			isa = PBXGroup;
			children = (
				CD478CD31B579F5B0072EC23 /* Info.plist */,
				CD478CC21B579F5B0072EC23 /* Supporting Files */,
			);
			path = Native;
			sourceTree = "<group>";
		};
		CD478CC21B579F5B0072EC23 /* Supporting Files */ = {
			isa = PBXGroup;
			children = (
				CD478CC31B579F5B0072EC23 /* main.mm */,
			);
			name = "Supporting Files";
			sourceTree = "<group>";
		};
/* End PBXGroup section */

/* Begin PBXNativeTarget section */
		CD478CBE1B579F5B0072EC23 /* Native */ = {
			isa = PBXNativeTarget;
			buildConfigurationList = CD478CD61B579F5B0072EC23 /* Build configuration list for PBXNativeTarget "Native" */;
			buildPhases = (
				CD478CBB1B579F5B0072EC23 /* Sources */,
				CD478CBC1B579F5B0072EC23 /* Frameworks */,
				CD478CBD1B579F5B0072EC23 /* Resources */,
			);
			buildRules = (
			);
			dependencies = (
			);
			name = Native;
			productName = Native;
			productReference = CD478CBF1B579F5B0072EC23 /* Native.app */;
			productType = "com.apple.product-type.application";
		};
/* End PBXNativeTarget section */

/* Begin PBXProject section */
		CD478CB71B579F5B0072EC23 /* Project object */ = {
			isa = PBXProject;
			attributes = {
				LastUpgradeCheck = 0700;
				ORGANIZATIONNAME = NativeScript;
				TargetAttributes = {
					CD478CBE1B579F5B0072EC23 = {
						CreatedOnToolsVersion = 7.0;
					};
				};
			};
			buildConfigurationList = CD478CBA1B579F5B0072EC23 /* Build configuration list for PBXProject "Native" */;
			compatibilityVersion = "Xcode 3.2";
			developmentRegion = English;
			hasScannedForEncodings = 0;
			knownRegions = (
				en,
				Base,
			);
			mainGroup = CD478CB61B579F5B0072EC23;
			productRefGroup = CD478CC01B579F5B0072EC23 /* Products */;
			projectDirPath = "";
			projectRoot = "";
			targets = (
				CD478CBE1B579F5B0072EC23 /* Native */,
			);
		};
/* End PBXProject section */

/* Begin PBXResourcesBuildPhase section */
		CD478CBD1B579F5B0072EC23 /* Resources */ = {
			isa = PBXResourcesBuildPhase;
			buildActionMask = 2147483647;
			files = (
			);
			runOnlyForDeploymentPostprocessing = 0;
		};
/* End PBXResourcesBuildPhase section */

/* Begin PBXSourcesBuildPhase section */
		CD478CBB1B579F5B0072EC23 /* Sources */ = {
			isa = PBXSourcesBuildPhase;
			buildActionMask = 2147483647;
			files = (
				CD478CC41B579F5B0072EC23 /* main.mm in Sources */,
			);
			runOnlyForDeploymentPostprocessing = 0;
		};
/* End PBXSourcesBuildPhase section */

/* Begin XCBuildConfiguration section */
		CD478CD41B579F5B0072EC23 /* Debug */ = {
			isa = XCBuildConfiguration;
			buildSettings = {
				ALWAYS_SEARCH_USER_PATHS = NO;
				CLANG_CXX_LANGUAGE_STANDARD = "gnu++0x";
				CLANG_CXX_LIBRARY = "libc++";
				CLANG_ENABLE_MODULES = YES;
				CLANG_ENABLE_OBJC_ARC = YES;
				CLANG_WARN_BOOL_CONVERSION = YES;
				CLANG_WARN_CONSTANT_CONVERSION = YES;
				CLANG_WARN_DIRECT_OBJC_ISA_USAGE = YES_ERROR;
				CLANG_WARN_EMPTY_BODY = YES;
				CLANG_WARN_ENUM_CONVERSION = YES;
				CLANG_WARN_INT_CONVERSION = YES;
				CLANG_WARN_OBJC_ROOT_CLASS = YES_ERROR;
				CLANG_WARN_UNREACHABLE_CODE = YES;
				CLANG_WARN__DUPLICATE_METHOD_MATCH = YES;
				"CODE_SIGN_IDENTITY[sdk=iphoneos*]" = "iPhone Developer";
				COPY_PHASE_STRIP = NO;
				DEBUG_INFORMATION_FORMAT = dwarf;
				ENABLE_STRICT_OBJC_MSGSEND = YES;
				ENABLE_TESTABILITY = YES;
				GCC_C_LANGUAGE_STANDARD = gnu99;
				GCC_DYNAMIC_NO_PIC = NO;
				GCC_NO_COMMON_BLOCKS = YES;
				GCC_OPTIMIZATION_LEVEL = 0;
				GCC_PREPROCESSOR_DEFINITIONS = (
					"DEBUG=1",
					"$(inherited)",
				);
				GCC_WARN_64_TO_32_BIT_CONVERSION = YES;
				GCC_WARN_ABOUT_RETURN_TYPE = YES_ERROR;
				GCC_WARN_UNDECLARED_SELECTOR = YES;
				GCC_WARN_UNINITIALIZED_AUTOS = YES_AGGRESSIVE;
				GCC_WARN_UNUSED_FUNCTION = YES;
				GCC_WARN_UNUSED_VARIABLE = YES;
				IPHONEOS_DEPLOYMENT_TARGET = 9.0;
				MTL_ENABLE_DEBUG_INFO = YES;
				ONLY_ACTIVE_ARCH = YES;
				SDKROOT = iphoneos;
				TARGETED_DEVICE_FAMILY = "1,2";
			};
			name = Debug;
		};
		CD478CD51B579F5B0072EC23 /* Release */ = {
			isa = XCBuildConfiguration;
			buildSettings = {
				ALWAYS_SEARCH_USER_PATHS = NO;
				CLANG_CXX_LANGUAGE_STANDARD = "gnu++0x";
				CLANG_CXX_LIBRARY = "libc++";
				CLANG_ENABLE_MODULES = YES;
				CLANG_ENABLE_OBJC_ARC = YES;
				CLANG_WARN_BOOL_CONVERSION = YES;
				CLANG_WARN_CONSTANT_CONVERSION = YES;
				CLANG_WARN_DIRECT_OBJC_ISA_USAGE = YES_ERROR;
				CLANG_WARN_EMPTY_BODY = YES;
				CLANG_WARN_ENUM_CONVERSION = YES;
				CLANG_WARN_INT_CONVERSION = YES;
				CLANG_WARN_OBJC_ROOT_CLASS = YES_ERROR;
				CLANG_WARN_UNREACHABLE_CODE = YES;
				CLANG_WARN__DUPLICATE_METHOD_MATCH = YES;
				"CODE_SIGN_IDENTITY[sdk=iphoneos*]" = "iPhone Developer";
				COPY_PHASE_STRIP = NO;
				DEBUG_INFORMATION_FORMAT = "dwarf-with-dsym";
				ENABLE_NS_ASSERTIONS = NO;
				ENABLE_STRICT_OBJC_MSGSEND = YES;
				GCC_C_LANGUAGE_STANDARD = gnu99;
				GCC_NO_COMMON_BLOCKS = YES;
				GCC_WARN_64_TO_32_BIT_CONVERSION = YES;
				GCC_WARN_ABOUT_RETURN_TYPE = YES_ERROR;
				GCC_WARN_UNDECLARED_SELECTOR = YES;
				GCC_WARN_UNINITIALIZED_AUTOS = YES_AGGRESSIVE;
				GCC_WARN_UNUSED_FUNCTION = YES;
				GCC_WARN_UNUSED_VARIABLE = YES;
				IPHONEOS_DEPLOYMENT_TARGET = 9.0;
				MTL_ENABLE_DEBUG_INFO = NO;
				SDKROOT = iphoneos;
				TARGETED_DEVICE_FAMILY = "1,2";
				VALIDATE_PRODUCT = YES;
			};
			name = Release;
		};
		CD478CD71B579F5B0072EC23 /* Debug */ = {
			isa = XCBuildConfiguration;
			buildSettings = {
				ASSETCATALOG_COMPILER_APPICON_NAME = AppIcon;
				INFOPLIST_FILE = Native/Info.plist;
				IPHONEOS_DEPLOYMENT_TARGET = 8.0;
				LD_RUNPATH_SEARCH_PATHS = "$(inherited) @executable_path/Frameworks";
				PRODUCT_BUNDLE_IDENTIFIER = TNS.Native;
				PRODUCT_NAME = "$(TARGET_NAME)";
			};
			name = Debug;
		};
		CD478CD81B579F5B0072EC23 /* Release */ = {
			isa = XCBuildConfiguration;
			buildSettings = {
				ASSETCATALOG_COMPILER_APPICON_NAME = AppIcon;
				INFOPLIST_FILE = Native/Info.plist;
				IPHONEOS_DEPLOYMENT_TARGET = 8.0;
				LD_RUNPATH_SEARCH_PATHS = "$(inherited) @executable_path/Frameworks";
				PRODUCT_BUNDLE_IDENTIFIER = TNS.Native;
				PRODUCT_NAME = "$(TARGET_NAME)";
			};
			name = Release;
		};
/* End XCBuildConfiguration section */

/* Begin XCConfigurationList section */
		CD478CBA1B579F5B0072EC23 /* Build configuration list for PBXProject "Native" */ = {
			isa = XCConfigurationList;
			buildConfigurations = (
				CD478CD41B579F5B0072EC23 /* Debug */,
				CD478CD51B579F5B0072EC23 /* Release */,
			);
			defaultConfigurationIsVisible = 0;
			defaultConfigurationName = Release;
		};
		CD478CD61B579F5B0072EC23 /* Build configuration list for PBXNativeTarget "Native" */ = {
			isa = XCConfigurationList;
			buildConfigurations = (
				CD478CD71B579F5B0072EC23 /* Debug */,
				CD478CD81B579F5B0072EC23 /* Release */,
			);
			defaultConfigurationIsVisible = 0;
			defaultConfigurationName = Release;
		};
/* End XCConfigurationList section */
	};
	rootObject = CD478CB71B579F5B0072EC23 /* Project object */;
}
