// !$*UTF8*$!
{
	archiveVersion = 1;
	classes = {
	};
	objectVersion = 46;
	objects = {

/* Begin PBXBuildFile section */
		CD0367251B57CABF00ED79E7 /* TestFixtures.h in CopyFiles */ = {isa = PBXBuildFile; fileRef = CD0367241B57CABF00ED79E7 /* TestFixtures.h */; };
		CD0367271B57CABF00ED79E7 /* TestFixtures.m in Sources */ = {isa = PBXBuildFile; fileRef = CD0367261B57CABF00ED79E7 /* TestFixtures.m */; };
/* End PBXBuildFile section */

/* Begin PBXCopyFilesBuildPhase section */
		CD03671F1B57CABF00ED79E7 /* CopyFiles */ = {
			isa = PBXCopyFilesBuildPhase;
			buildActionMask = 2147483647;
			dstPath = "include/$(PRODUCT_NAME)";
			dstSubfolderSpec = 16;
			files = (
				CD0367251B57CABF00ED79E7 /* TestFixtures.h in CopyFiles */,
			);
			runOnlyForDeploymentPostprocessing = 0;
		};
/* End PBXCopyFilesBuildPhase section */

/* Begin PBXFileReference section */
		CD0367211B57CABF00ED79E7 /* libReactTestFixtures.a */ = {isa = PBXFileReference; explicitFileType = archive.ar; includeInIndex = 0; path = libReactTestFixtures.a; sourceTree = BUILT_PRODUCTS_DIR; };
		CD0367241B57CABF00ED79E7 /* TestFixtures.h */ = {isa = PBXFileReference; lastKnownFileType = sourcecode.c.h; path = TestFixtures.h; sourceTree = "<group>"; };
		CD0367261B57CABF00ED79E7 /* TestFixtures.m */ = {isa = PBXFileReference; lastKnownFileType = sourcecode.c.objc; path = TestFixtures.m; sourceTree = "<group>"; };
/* End PBXFileReference section */

/* Begin PBXFrameworksBuildPhase section */
		CD03671E1B57CABF00ED79E7 /* Frameworks */ = {
			isa = PBXFrameworksBuildPhase;
			buildActionMask = 2147483647;
			files = (
			);
			runOnlyForDeploymentPostprocessing = 0;
		};
/* End PBXFrameworksBuildPhase section */

/* Begin PBXGroup section */
		CD0367181B57CABF00ED79E7 = {
			isa = PBXGroup;
			children = (
				CD0367231B57CABF00ED79E7 /* ReactTestFixtures */,
				CD0367221B57CABF00ED79E7 /* Products */,
			);
			sourceTree = "<group>";
		};
		CD0367221B57CABF00ED79E7 /* Products */ = {
			isa = PBXGroup;
			children = (
				CD0367211B57CABF00ED79E7 /* libReactTestFixtures.a */,
			);
			name = Products;
			sourceTree = "<group>";
		};
		CD0367231B57CABF00ED79E7 /* ReactTestFixtures */ = {
			isa = PBXGroup;
			children = (
				CD0367241B57CABF00ED79E7 /* TestFixtures.h */,
				CD0367261B57CABF00ED79E7 /* TestFixtures.m */,
			);
			path = ReactTestFixtures;
			sourceTree = "<group>";
		};
/* End PBXGroup section */

/* Begin PBXNativeTarget section */
		CD0367201B57CABF00ED79E7 /* ReactTestFixtures */ = {
			isa = PBXNativeTarget;
			buildConfigurationList = CD0367341B57CABF00ED79E7 /* Build configuration list for PBXNativeTarget "ReactTestFixtures" */;
			buildPhases = (
				CD03671D1B57CABF00ED79E7 /* Sources */,
				CD03671E1B57CABF00ED79E7 /* Frameworks */,
				CD03671F1B57CABF00ED79E7 /* CopyFiles */,
			);
			buildRules = (
			);
			dependencies = (
			);
			name = ReactTestFixtures;
			productName = ReactTestFixtures;
			productReference = CD0367211B57CABF00ED79E7 /* libReactTestFixtures.a */;
			productType = "com.apple.product-type.library.static";
		};
/* End PBXNativeTarget section */

/* Begin PBXProject section */
		CD0367191B57CABF00ED79E7 /* Project object */ = {
			isa = PBXProject;
			attributes = {
				LastUpgradeCheck = 0700;
				ORGANIZATIONNAME = NativeScript;
				TargetAttributes = {
					CD0367201B57CABF00ED79E7 = {
						CreatedOnToolsVersion = 7.0;
					};
				};
			};
			buildConfigurationList = CD03671C1B57CABF00ED79E7 /* Build configuration list for PBXProject "ReactTestFixtures" */;
			compatibilityVersion = "Xcode 3.2";
			developmentRegion = English;
			hasScannedForEncodings = 0;
			knownRegions = (
				en,
			);
			mainGroup = CD0367181B57CABF00ED79E7;
			productRefGroup = CD0367221B57CABF00ED79E7 /* Products */;
			projectDirPath = "";
			projectRoot = "";
			targets = (
				CD0367201B57CABF00ED79E7 /* ReactTestFixtures */,
			);
		};
/* End PBXProject section */

/* Begin PBXSourcesBuildPhase section */
		CD03671D1B57CABF00ED79E7 /* Sources */ = {
			isa = PBXSourcesBuildPhase;
			buildActionMask = 2147483647;
			files = (
				CD0367271B57CABF00ED79E7 /* TestFixtures.m in Sources */,
			);
			runOnlyForDeploymentPostprocessing = 0;
		};
/* End PBXSourcesBuildPhase section */

/* Begin XCBuildConfiguration section */
		CD0367321B57CABF00ED79E7 /* Debug */ = {
			isa = XCBuildConfiguration;
			buildSettings = {
				ALWAYS_SEARCH_USER_PATHS = NO;
				CLANG_CXX_LANGUAGE_STANDARD = "gnu++0x";
				CLANG_CXX_LIBRARY = "libc++";
				CLANG_ENABLE_MODULES = YES;
				CLANG_ENABLE_OBJC_ARC = YES;
				CLANG_WARN_BOOL_CONVERSION = YES;
				CLANG_WARN_CONSTANT_CONVERSION = YES;
				CLANG_WARN_DIRECT_OBJC_ISA_USAGE = YES_ERROR;
				CLANG_WARN_EMPTY_BODY = YES;
				CLANG_WARN_ENUM_CONVERSION = YES;
				CLANG_WARN_INT_CONVERSION = YES;
				CLANG_WARN_OBJC_ROOT_CLASS = YES_ERROR;
				CLANG_WARN_UNREACHABLE_CODE = YES;
				CLANG_WARN__DUPLICATE_METHOD_MATCH = YES;
				COPY_PHASE_STRIP = NO;
				DEBUG_INFORMATION_FORMAT = dwarf;
				ENABLE_STRICT_OBJC_MSGSEND = YES;
				ENABLE_TESTABILITY = YES;
				GCC_C_LANGUAGE_STANDARD = gnu99;
				GCC_DYNAMIC_NO_PIC = NO;
				GCC_NO_COMMON_BLOCKS = YES;
				GCC_OPTIMIZATION_LEVEL = 0;
				GCC_PREPROCESSOR_DEFINITIONS = (
					"DEBUG=1",
					"$(inherited)",
				);
				GCC_WARN_64_TO_32_BIT_CONVERSION = YES;
				GCC_WARN_ABOUT_RETURN_TYPE = YES_ERROR;
				GCC_WARN_UNDECLARED_SELECTOR = YES;
				GCC_WARN_UNINITIALIZED_AUTOS = YES_AGGRESSIVE;
				GCC_WARN_UNUSED_FUNCTION = YES;
				GCC_WARN_UNUSED_VARIABLE = YES;
				IPHONEOS_DEPLOYMENT_TARGET = 8.0;
				MTL_ENABLE_DEBUG_INFO = YES;
				ONLY_ACTIVE_ARCH = YES;
				SDKROOT = iphoneos;
			};
			name = Debug;
		};
		CD0367331B57CABF00ED79E7 /* Release */ = {
			isa = XCBuildConfiguration;
			buildSettings = {
				ALWAYS_SEARCH_USER_PATHS = NO;
				CLANG_CXX_LANGUAGE_STANDARD = "gnu++0x";
				CLANG_CXX_LIBRARY = "libc++";
				CLANG_ENABLE_MODULES = YES;
				CLANG_ENABLE_OBJC_ARC = YES;
				CLANG_WARN_BOOL_CONVERSION = YES;
				CLANG_WARN_CONSTANT_CONVERSION = YES;
				CLANG_WARN_DIRECT_OBJC_ISA_USAGE = YES_ERROR;
				CLANG_WARN_EMPTY_BODY = YES;
				CLANG_WARN_ENUM_CONVERSION = YES;
				CLANG_WARN_INT_CONVERSION = YES;
				CLANG_WARN_OBJC_ROOT_CLASS = YES_ERROR;
				CLANG_WARN_UNREACHABLE_CODE = YES;
				CLANG_WARN__DUPLICATE_METHOD_MATCH = YES;
				COPY_PHASE_STRIP = NO;
				DEBUG_INFORMATION_FORMAT = "dwarf-with-dsym";
				ENABLE_NS_ASSERTIONS = NO;
				ENABLE_STRICT_OBJC_MSGSEND = YES;
				GCC_C_LANGUAGE_STANDARD = gnu99;
				GCC_NO_COMMON_BLOCKS = YES;
				GCC_WARN_64_TO_32_BIT_CONVERSION = YES;
				GCC_WARN_ABOUT_RETURN_TYPE = YES_ERROR;
				GCC_WARN_UNDECLARED_SELECTOR = YES;
				GCC_WARN_UNINITIALIZED_AUTOS = YES_AGGRESSIVE;
				GCC_WARN_UNUSED_FUNCTION = YES;
				GCC_WARN_UNUSED_VARIABLE = YES;
				IPHONEOS_DEPLOYMENT_TARGET = 8.0;
				MTL_ENABLE_DEBUG_INFO = NO;
				SDKROOT = iphoneos;
				VALIDATE_PRODUCT = YES;
			};
			name = Release;
		};
		CD0367351B57CABF00ED79E7 /* Debug */ = {
			isa = XCBuildConfiguration;
			buildSettings = {
				HEADER_SEARCH_PATHS = "$(SRCROOT)/../ReactNativeApp/node_modules/react-native/React/**";
				OTHER_LDFLAGS = "-ObjC";
				PRODUCT_NAME = "$(TARGET_NAME)";
				SKIP_INSTALL = YES;
			};
			name = Debug;
		};
		CD0367361B57CABF00ED79E7 /* Release */ = {
			isa = XCBuildConfiguration;
			buildSettings = {
				HEADER_SEARCH_PATHS = "$(SRCROOT)/../ReactNativeApp/node_modules/react-native/React/**";
				OTHER_LDFLAGS = "-ObjC";
				PRODUCT_NAME = "$(TARGET_NAME)";
				SKIP_INSTALL = YES;
			};
			name = Release;
		};
/* End XCBuildConfiguration section */

/* Begin XCConfigurationList section */
		CD03671C1B57CABF00ED79E7 /* Build configuration list for PBXProject "ReactTestFixtures" */ = {
			isa = XCConfigurationList;
			buildConfigurations = (
				CD0367321B57CABF00ED79E7 /* Debug */,
				CD0367331B57CABF00ED79E7 /* Release */,
			);
			defaultConfigurationIsVisible = 0;
			defaultConfigurationName = Release;
		};
		CD0367341B57CABF00ED79E7 /* Build configuration list for PBXNativeTarget "ReactTestFixtures" */ = {
			isa = XCConfigurationList;
			buildConfigurations = (
				CD0367351B57CABF00ED79E7 /* Debug */,
				CD0367361B57CABF00ED79E7 /* Release */,
			);
			defaultConfigurationIsVisible = 0;
			defaultConfigurationName = Release;
		};
/* End XCConfigurationList section */
	};
	rootObject = CD0367191B57CABF00ED79E7 /* Project object */;
}
